// !$*UTF8*$!
{
	archiveVersion = 1;
	classes = {
	};
	objectVersion = 52;
	objects = {

/* Begin PBXBuildFile section */
		16022E082652F8710098BD95 /* FruitstandApp.swift in Sources */ = {isa = PBXBuildFile; fileRef = 16022E072652F8710098BD95 /* FruitstandApp.swift */; };
		16022E0A2652F8710098BD95 /* ContentView.swift in Sources */ = {isa = PBXBuildFile; fileRef = 16022E092652F8710098BD95 /* ContentView.swift */; };
		16022E0C2652F8720098BD95 /* Assets.xcassets in Resources */ = {isa = PBXBuildFile; fileRef = 16022E0B2652F8720098BD95 /* Assets.xcassets */; };
		16022E0F2652F8720098BD95 /* Preview Assets.xcassets in Resources */ = {isa = PBXBuildFile; fileRef = 16022E0E2652F8720098BD95 /* Preview Assets.xcassets */; };
		163DA461278BB7CA000965C6 /* ProductLoader.swift in Sources */ = {isa = PBXBuildFile; fileRef = 163DA460278BB7CA000965C6 /* ProductLoader.swift */; };
		163DA463278BF434000965C6 /* ProductOperations.swift in Sources */ = {isa = PBXBuildFile; fileRef = 163DA462278BF434000965C6 /* ProductOperations.swift */; };
		1690B4902790197900CFAD06 /* AddProductView.swift in Sources */ = {isa = PBXBuildFile; fileRef = 1690B48F2790197900CFAD06 /* AddProductView.swift */; };
		169A919627924B2500AC9088 /* CloudUserDefaults in Frameworks */ = {isa = PBXBuildFile; productRef = 169A919527924B2500AC9088 /* CloudUserDefaults */; };
		169A919827924FEF00AC9088 /* AppDelegate.swift in Sources */ = {isa = PBXBuildFile; fileRef = 169A919727924FEF00AC9088 /* AppDelegate.swift */; };
		16B2D1DD278A3EB7006242BC /* ProductInfo.swift in Sources */ = {isa = PBXBuildFile; fileRef = 16B2D1DC278A3EB7006242BC /* ProductInfo.swift */; };
		16B2D1E1278A5289006242BC /* CloudKit.framework in Frameworks */ = {isa = PBXBuildFile; fileRef = 16B2D1E0278A5289006242BC /* CloudKit.framework */; };
		16B2D1E3278A6A35006242BC /* ProductAtttributes.swift in Sources */ = {isa = PBXBuildFile; fileRef = 16B2D1E2278A6A35006242BC /* ProductAtttributes.swift */; };
		16B333D02652F8B1003E4BCE /* ProductView.swift in Sources */ = {isa = PBXBuildFile; fileRef = 16B333CF2652F8B1003E4BCE /* ProductView.swift */; };
		16C5AE0A2792163B00C837F4 /* SampleCollection in Resources */ = {isa = PBXBuildFile; fileRef = 16C5AE092792163B00C837F4 /* SampleCollection */; };
		16C5AE0E27922D1200C837F4 /* SwiftCSV in Frameworks */ = {isa = PBXBuildFile; productRef = 16C5AE0D27922D1200C837F4 /* SwiftCSV */; };
		16C5AE1127922D5500C837F4 /* Zephyr in Frameworks */ = {isa = PBXBuildFile; productRef = 16C5AE1027922D5500C837F4 /* Zephyr */; };
/* End PBXBuildFile section */

/* Begin PBXFileReference section */
		16022E042652F8710098BD95 /* Fruitstand.app */ = {isa = PBXFileReference; explicitFileType = wrapper.application; includeInIndex = 0; path = Fruitstand.app; sourceTree = BUILT_PRODUCTS_DIR; };
		16022E072652F8710098BD95 /* FruitstandApp.swift */ = {isa = PBXFileReference; lastKnownFileType = sourcecode.swift; path = FruitstandApp.swift; sourceTree = "<group>"; };
		16022E092652F8710098BD95 /* ContentView.swift */ = {isa = PBXFileReference; lastKnownFileType = sourcecode.swift; path = ContentView.swift; sourceTree = "<group>"; };
		16022E0B2652F8720098BD95 /* Assets.xcassets */ = {isa = PBXFileReference; lastKnownFileType = folder.assetcatalog; path = Assets.xcassets; sourceTree = "<group>"; };
		16022E0E2652F8720098BD95 /* Preview Assets.xcassets */ = {isa = PBXFileReference; lastKnownFileType = folder.assetcatalog; path = "Preview Assets.xcassets"; sourceTree = "<group>"; };
		16022E102652F8720098BD95 /* Info.plist */ = {isa = PBXFileReference; lastKnownFileType = text.plist.xml; path = Info.plist; sourceTree = "<group>"; };
		163DA460278BB7CA000965C6 /* ProductLoader.swift */ = {isa = PBXFileReference; lastKnownFileType = sourcecode.swift; path = ProductLoader.swift; sourceTree = "<group>"; };
		163DA462278BF434000965C6 /* ProductOperations.swift */ = {isa = PBXFileReference; lastKnownFileType = sourcecode.swift; path = ProductOperations.swift; sourceTree = "<group>"; };
		1690B48F2790197900CFAD06 /* AddProductView.swift */ = {isa = PBXFileReference; lastKnownFileType = sourcecode.swift; path = AddProductView.swift; sourceTree = "<group>"; };
		169A919727924FEF00AC9088 /* AppDelegate.swift */ = {isa = PBXFileReference; lastKnownFileType = sourcecode.swift; path = AppDelegate.swift; sourceTree = "<group>"; };
		16B2D1DC278A3EB7006242BC /* ProductInfo.swift */ = {isa = PBXFileReference; lastKnownFileType = sourcecode.swift; path = ProductInfo.swift; sourceTree = "<group>"; };
		16B2D1DE278A5277006242BC /* Fruitstand.entitlements */ = {isa = PBXFileReference; lastKnownFileType = text.plist.entitlements; path = Fruitstand.entitlements; sourceTree = "<group>"; };
		16B2D1E0278A5289006242BC /* CloudKit.framework */ = {isa = PBXFileReference; lastKnownFileType = wrapper.framework; name = CloudKit.framework; path = System/Library/Frameworks/CloudKit.framework; sourceTree = SDKROOT; };
		16B2D1E2278A6A35006242BC /* ProductAtttributes.swift */ = {isa = PBXFileReference; lastKnownFileType = sourcecode.swift; path = ProductAtttributes.swift; sourceTree = "<group>"; };
		16B333CF2652F8B1003E4BCE /* ProductView.swift */ = {isa = PBXFileReference; fileEncoding = 4; lastKnownFileType = sourcecode.swift; path = ProductView.swift; sourceTree = "<group>"; };
		16C5AE092792163B00C837F4 /* SampleCollection */ = {isa = PBXFileReference; lastKnownFileType = folder; name = SampleCollection; path = Fruitstand/SampleCollection; sourceTree = "<group>"; };
/* End PBXFileReference section */

/* Begin PBXFrameworksBuildPhase section */
		16022E012652F8710098BD95 /* Frameworks */ = {
			isa = PBXFrameworksBuildPhase;
			buildActionMask = 2147483647;
			files = (
				16B2D1E1278A5289006242BC /* CloudKit.framework in Frameworks */,
				16C5AE1127922D5500C837F4 /* Zephyr in Frameworks */,
				16C5AE0E27922D1200C837F4 /* SwiftCSV in Frameworks */,
				169A919627924B2500AC9088 /* CloudUserDefaults in Frameworks */,
			);
			runOnlyForDeploymentPostprocessing = 0;
		};
/* End PBXFrameworksBuildPhase section */

/* Begin PBXGroup section */
		16022DFB2652F8710098BD95 = {
			isa = PBXGroup;
			children = (
				16C5AE092792163B00C837F4 /* SampleCollection */,
				16022E062652F8710098BD95 /* Fruitstand */,
				16022E052652F8710098BD95 /* Products */,
				16B2D1DF278A5289006242BC /* Frameworks */,
			);
			sourceTree = "<group>";
		};
		16022E052652F8710098BD95 /* Products */ = {
			isa = PBXGroup;
			children = (
				16022E042652F8710098BD95 /* Fruitstand.app */,
			);
			name = Products;
			sourceTree = "<group>";
		};
		16022E062652F8710098BD95 /* Fruitstand */ = {
			isa = PBXGroup;
			children = (
				16B2D1DE278A5277006242BC /* Fruitstand.entitlements */,
				16022E072652F8710098BD95 /* FruitstandApp.swift */,
				16022E092652F8710098BD95 /* ContentView.swift */,
				16B333CF2652F8B1003E4BCE /* ProductView.swift */,
				1690B48F2790197900CFAD06 /* AddProductView.swift */,
				16B2D1DC278A3EB7006242BC /* ProductInfo.swift */,
				16B2D1E2278A6A35006242BC /* ProductAtttributes.swift */,
				163DA460278BB7CA000965C6 /* ProductLoader.swift */,
				163DA462278BF434000965C6 /* ProductOperations.swift */,
				169A919727924FEF00AC9088 /* AppDelegate.swift */,
				16022E0B2652F8720098BD95 /* Assets.xcassets */,
				16022E102652F8720098BD95 /* Info.plist */,
				16022E0D2652F8720098BD95 /* Preview Content */,
			);
			path = Fruitstand;
			sourceTree = "<group>";
		};
		16022E0D2652F8720098BD95 /* Preview Content */ = {
			isa = PBXGroup;
			children = (
				16022E0E2652F8720098BD95 /* Preview Assets.xcassets */,
			);
			path = "Preview Content";
			sourceTree = "<group>";
		};
		16B2D1DF278A5289006242BC /* Frameworks */ = {
			isa = PBXGroup;
			children = (
				16B2D1E0278A5289006242BC /* CloudKit.framework */,
			);
			name = Frameworks;
			sourceTree = "<group>";
		};
/* End PBXGroup section */

/* Begin PBXNativeTarget section */
		16022E032652F8710098BD95 /* Fruitstand */ = {
			isa = PBXNativeTarget;
			buildConfigurationList = 16022E132652F8720098BD95 /* Build configuration list for PBXNativeTarget "Fruitstand" */;
			buildPhases = (
				16022E002652F8710098BD95 /* Sources */,
				16022E012652F8710098BD95 /* Frameworks */,
				16022E022652F8710098BD95 /* Resources */,
			);
			buildRules = (
			);
			dependencies = (
			);
			name = Fruitstand;
			packageProductDependencies = (
				16C5AE0D27922D1200C837F4 /* SwiftCSV */,
				16C5AE1027922D5500C837F4 /* Zephyr */,
				169A919527924B2500AC9088 /* CloudUserDefaults */,
			);
			productName = Fruitstand;
			productReference = 16022E042652F8710098BD95 /* Fruitstand.app */;
			productType = "com.apple.product-type.application";
		};
/* End PBXNativeTarget section */

/* Begin PBXProject section */
		16022DFC2652F8710098BD95 /* Project object */ = {
			isa = PBXProject;
			attributes = {
				LastSwiftUpdateCheck = 1250;
				LastUpgradeCheck = 1250;
				TargetAttributes = {
					16022E032652F8710098BD95 = {
						CreatedOnToolsVersion = 12.5;
					};
				};
			};
			buildConfigurationList = 16022DFF2652F8710098BD95 /* Build configuration list for PBXProject "Fruitstand" */;
			compatibilityVersion = "Xcode 9.3";
			developmentRegion = en;
			hasScannedForEncodings = 0;
			knownRegions = (
				en,
				Base,
			);
			mainGroup = 16022DFB2652F8710098BD95;
			packageReferences = (
				16C5AE0C27922D1200C837F4 /* XCRemoteSwiftPackageReference "SwiftCSV" */,
				16C5AE0F27922D5500C837F4 /* XCRemoteSwiftPackageReference "Zephyr" */,
				169A919427924B2500AC9088 /* XCRemoteSwiftPackageReference "CloudUserDefaults" */,
			);
			productRefGroup = 16022E052652F8710098BD95 /* Products */;
			projectDirPath = "";
			projectRoot = "";
			targets = (
				16022E032652F8710098BD95 /* Fruitstand */,
			);
		};
/* End PBXProject section */

/* Begin PBXResourcesBuildPhase section */
		16022E022652F8710098BD95 /* Resources */ = {
			isa = PBXResourcesBuildPhase;
			buildActionMask = 2147483647;
			files = (
				16022E0F2652F8720098BD95 /* Preview Assets.xcassets in Resources */,
				16022E0C2652F8720098BD95 /* Assets.xcassets in Resources */,
				16C5AE0A2792163B00C837F4 /* SampleCollection in Resources */,
			);
			runOnlyForDeploymentPostprocessing = 0;
		};
/* End PBXResourcesBuildPhase section */

/* Begin PBXSourcesBuildPhase section */
		16022E002652F8710098BD95 /* Sources */ = {
			isa = PBXSourcesBuildPhase;
			buildActionMask = 2147483647;
			files = (
				16B2D1E3278A6A35006242BC /* ProductAtttributes.swift in Sources */,
				16022E0A2652F8710098BD95 /* ContentView.swift in Sources */,
				163DA461278BB7CA000965C6 /* ProductLoader.swift in Sources */,
				169A919827924FEF00AC9088 /* AppDelegate.swift in Sources */,
				163DA463278BF434000965C6 /* ProductOperations.swift in Sources */,
				1690B4902790197900CFAD06 /* AddProductView.swift in Sources */,
				16B2D1DD278A3EB7006242BC /* ProductInfo.swift in Sources */,
				16B333D02652F8B1003E4BCE /* ProductView.swift in Sources */,
				16022E082652F8710098BD95 /* FruitstandApp.swift in Sources */,
			);
			runOnlyForDeploymentPostprocessing = 0;
		};
/* End PBXSourcesBuildPhase section */

/* Begin XCBuildConfiguration section */
		16022E112652F8720098BD95 /* Debug */ = {
			isa = XCBuildConfiguration;
			buildSettings = {
				ALWAYS_SEARCH_USER_PATHS = NO;
				CLANG_ANALYZER_NONNULL = YES;
				CLANG_ANALYZER_NUMBER_OBJECT_CONVERSION = YES_AGGRESSIVE;
				CLANG_CXX_LANGUAGE_STANDARD = "gnu++14";
				CLANG_CXX_LIBRARY = "libc++";
				CLANG_ENABLE_MODULES = YES;
				CLANG_ENABLE_OBJC_ARC = YES;
				CLANG_ENABLE_OBJC_WEAK = YES;
				CLANG_WARN_BLOCK_CAPTURE_AUTORELEASING = YES;
				CLANG_WARN_BOOL_CONVERSION = YES;
				CLANG_WARN_COMMA = YES;
				CLANG_WARN_CONSTANT_CONVERSION = YES;
				CLANG_WARN_DEPRECATED_OBJC_IMPLEMENTATIONS = YES;
				CLANG_WARN_DIRECT_OBJC_ISA_USAGE = YES_ERROR;
				CLANG_WARN_DOCUMENTATION_COMMENTS = YES;
				CLANG_WARN_EMPTY_BODY = YES;
				CLANG_WARN_ENUM_CONVERSION = YES;
				CLANG_WARN_INFINITE_RECURSION = YES;
				CLANG_WARN_INT_CONVERSION = YES;
				CLANG_WARN_NON_LITERAL_NULL_CONVERSION = YES;
				CLANG_WARN_OBJC_IMPLICIT_RETAIN_SELF = YES;
				CLANG_WARN_OBJC_LITERAL_CONVERSION = YES;
				CLANG_WARN_OBJC_ROOT_CLASS = YES_ERROR;
				CLANG_WARN_QUOTED_INCLUDE_IN_FRAMEWORK_HEADER = YES;
				CLANG_WARN_RANGE_LOOP_ANALYSIS = YES;
				CLANG_WARN_STRICT_PROTOTYPES = YES;
				CLANG_WARN_SUSPICIOUS_MOVE = YES;
				CLANG_WARN_UNGUARDED_AVAILABILITY = YES_AGGRESSIVE;
				CLANG_WARN_UNREACHABLE_CODE = YES;
				CLANG_WARN__DUPLICATE_METHOD_MATCH = YES;
				COPY_PHASE_STRIP = NO;
				DEBUG_INFORMATION_FORMAT = dwarf;
				ENABLE_STRICT_OBJC_MSGSEND = YES;
				ENABLE_TESTABILITY = YES;
				GCC_C_LANGUAGE_STANDARD = gnu11;
				GCC_DYNAMIC_NO_PIC = NO;
				GCC_NO_COMMON_BLOCKS = YES;
				GCC_OPTIMIZATION_LEVEL = 0;
				GCC_PREPROCESSOR_DEFINITIONS = (
					"DEBUG=1",
					"$(inherited)",
				);
				GCC_WARN_64_TO_32_BIT_CONVERSION = YES;
				GCC_WARN_ABOUT_RETURN_TYPE = YES_ERROR;
				GCC_WARN_UNDECLARED_SELECTOR = YES;
				GCC_WARN_UNINITIALIZED_AUTOS = YES_AGGRESSIVE;
				GCC_WARN_UNUSED_FUNCTION = YES;
				GCC_WARN_UNUSED_VARIABLE = YES;
				IPHONEOS_DEPLOYMENT_TARGET = 14.5;
				MTL_ENABLE_DEBUG_INFO = INCLUDE_SOURCE;
				MTL_FAST_MATH = YES;
				ONLY_ACTIVE_ARCH = YES;
				SDKROOT = iphoneos;
				SWIFT_ACTIVE_COMPILATION_CONDITIONS = DEBUG;
				SWIFT_OPTIMIZATION_LEVEL = "-Onone";
			};
			name = Debug;
		};
		16022E122652F8720098BD95 /* Release */ = {
			isa = XCBuildConfiguration;
			buildSettings = {
				ALWAYS_SEARCH_USER_PATHS = NO;
				CLANG_ANALYZER_NONNULL = YES;
				CLANG_ANALYZER_NUMBER_OBJECT_CONVERSION = YES_AGGRESSIVE;
				CLANG_CXX_LANGUAGE_STANDARD = "gnu++14";
				CLANG_CXX_LIBRARY = "libc++";
				CLANG_ENABLE_MODULES = YES;
				CLANG_ENABLE_OBJC_ARC = YES;
				CLANG_ENABLE_OBJC_WEAK = YES;
				CLANG_WARN_BLOCK_CAPTURE_AUTORELEASING = YES;
				CLANG_WARN_BOOL_CONVERSION = YES;
				CLANG_WARN_COMMA = YES;
				CLANG_WARN_CONSTANT_CONVERSION = YES;
				CLANG_WARN_DEPRECATED_OBJC_IMPLEMENTATIONS = YES;
				CLANG_WARN_DIRECT_OBJC_ISA_USAGE = YES_ERROR;
				CLANG_WARN_DOCUMENTATION_COMMENTS = YES;
				CLANG_WARN_EMPTY_BODY = YES;
				CLANG_WARN_ENUM_CONVERSION = YES;
				CLANG_WARN_INFINITE_RECURSION = YES;
				CLANG_WARN_INT_CONVERSION = YES;
				CLANG_WARN_NON_LITERAL_NULL_CONVERSION = YES;
				CLANG_WARN_OBJC_IMPLICIT_RETAIN_SELF = YES;
				CLANG_WARN_OBJC_LITERAL_CONVERSION = YES;
				CLANG_WARN_OBJC_ROOT_CLASS = YES_ERROR;
				CLANG_WARN_QUOTED_INCLUDE_IN_FRAMEWORK_HEADER = YES;
				CLANG_WARN_RANGE_LOOP_ANALYSIS = YES;
				CLANG_WARN_STRICT_PROTOTYPES = YES;
				CLANG_WARN_SUSPICIOUS_MOVE = YES;
				CLANG_WARN_UNGUARDED_AVAILABILITY = YES_AGGRESSIVE;
				CLANG_WARN_UNREACHABLE_CODE = YES;
				CLANG_WARN__DUPLICATE_METHOD_MATCH = YES;
				COPY_PHASE_STRIP = NO;
				DEBUG_INFORMATION_FORMAT = "dwarf-with-dsym";
				ENABLE_NS_ASSERTIONS = NO;
				ENABLE_STRICT_OBJC_MSGSEND = YES;
				GCC_C_LANGUAGE_STANDARD = gnu11;
				GCC_NO_COMMON_BLOCKS = YES;
				GCC_WARN_64_TO_32_BIT_CONVERSION = YES;
				GCC_WARN_ABOUT_RETURN_TYPE = YES_ERROR;
				GCC_WARN_UNDECLARED_SELECTOR = YES;
				GCC_WARN_UNINITIALIZED_AUTOS = YES_AGGRESSIVE;
				GCC_WARN_UNUSED_FUNCTION = YES;
				GCC_WARN_UNUSED_VARIABLE = YES;
				IPHONEOS_DEPLOYMENT_TARGET = 14.5;
				MTL_ENABLE_DEBUG_INFO = NO;
				MTL_FAST_MATH = YES;
				SDKROOT = iphoneos;
				SWIFT_COMPILATION_MODE = wholemodule;
				SWIFT_OPTIMIZATION_LEVEL = "-O";
				VALIDATE_PRODUCT = YES;
			};
			name = Release;
		};
		16022E142652F8720098BD95 /* Debug */ = {
			isa = XCBuildConfiguration;
			buildSettings = {
				ASSETCATALOG_COMPILER_APPICON_NAME = AppIcon;
				ASSETCATALOG_COMPILER_GLOBAL_ACCENT_COLOR_NAME = AccentColor;
				CODE_SIGN_ENTITLEMENTS = Fruitstand/Fruitstand.entitlements;
				CODE_SIGN_IDENTITY = "iPhone Developer";
				"CODE_SIGN_IDENTITY[sdk=macosx*]" = "Apple Development";
				CODE_SIGN_STYLE = Manual;
				CURRENT_PROJECT_VERSION = 2022B3NC;
				DEVELOPMENT_ASSET_PATHS = "\"Fruitstand/Preview Content\"";
				DEVELOPMENT_TEAM = 86LR2G8L2C;
				ENABLE_PREVIEWS = YES;
				INFOPLIST_FILE = Fruitstand/Info.plist;
				IPHONEOS_DEPLOYMENT_TARGET = 15.0;
				LD_RUNPATH_SEARCH_PATHS = (
					"$(inherited)",
					"@executable_path/Frameworks",
				);
				MARKETING_VERSION = 1.0;
				PRODUCT_BUNDLE_IDENTIFIER = armandsarkani.Fruitstand;
				"PRODUCT_BUNDLE_IDENTIFIER[sdk=macosx*]" = armandsarkani.Fruitstand;
				PRODUCT_NAME = "$(TARGET_NAME)";
				PROVISIONING_PROFILE_SPECIFIER = "2022 iOS Provisioning Profile";
				"PROVISIONING_PROFILE_SPECIFIER[sdk=macosx*]" = "2022 macOS Provisioning Profile";
				SUPPORTS_MACCATALYST = YES;
				SWIFT_VERSION = 5.0;
				TARGETED_DEVICE_FAMILY = "1,2";
			};
			name = Debug;
		};
		16022E152652F8720098BD95 /* Release */ = {
			isa = XCBuildConfiguration;
			buildSettings = {
				ASSETCATALOG_COMPILER_APPICON_NAME = AppIcon;
				ASSETCATALOG_COMPILER_GLOBAL_ACCENT_COLOR_NAME = AccentColor;
				CODE_SIGN_ENTITLEMENTS = Fruitstand/Fruitstand.entitlements;
				CODE_SIGN_IDENTITY = "iPhone Developer";
				"CODE_SIGN_IDENTITY[sdk=macosx*]" = "Apple Development";
				CODE_SIGN_STYLE = Manual;
				CURRENT_PROJECT_VERSION = 2022B3NC;
				DEVELOPMENT_ASSET_PATHS = "\"Fruitstand/Preview Content\"";
				DEVELOPMENT_TEAM = 86LR2G8L2C;
				ENABLE_PREVIEWS = YES;
				INFOPLIST_FILE = Fruitstand/Info.plist;
				IPHONEOS_DEPLOYMENT_TARGET = 15.0;
				LD_RUNPATH_SEARCH_PATHS = (
					"$(inherited)",
					"@executable_path/Frameworks",
				);
				MARKETING_VERSION = 1.0;
				PRODUCT_BUNDLE_IDENTIFIER = armandsarkani.Fruitstand;
				"PRODUCT_BUNDLE_IDENTIFIER[sdk=macosx*]" = armandsarkani.Fruitstand;
				PRODUCT_NAME = "$(TARGET_NAME)";
				PROVISIONING_PROFILE_SPECIFIER = "2022 iOS Provisioning Profile";
				"PROVISIONING_PROFILE_SPECIFIER[sdk=macosx*]" = "2022 macOS Provisioning Profile";
				SUPPORTS_MACCATALYST = YES;
				SWIFT_VERSION = 5.0;
				TARGETED_DEVICE_FAMILY = "1,2";
			};
			name = Release;
		};
/* End XCBuildConfiguration section */

/* Begin XCConfigurationList section */
		16022DFF2652F8710098BD95 /* Build configuration list for PBXProject "Fruitstand" */ = {
			isa = XCConfigurationList;
			buildConfigurations = (
				16022E112652F8720098BD95 /* Debug */,
				16022E122652F8720098BD95 /* Release */,
			);
			defaultConfigurationIsVisible = 0;
			defaultConfigurationName = Release;
		};
		16022E132652F8720098BD95 /* Build configuration list for PBXNativeTarget "Fruitstand" */ = {
			isa = XCConfigurationList;
			buildConfigurations = (
				16022E142652F8720098BD95 /* Debug */,
				16022E152652F8720098BD95 /* Release */,
			);
			defaultConfigurationIsVisible = 0;
			defaultConfigurationName = Release;
		};
/* End XCConfigurationList section */

/* Begin XCRemoteSwiftPackageReference section */
		169A919427924B2500AC9088 /* XCRemoteSwiftPackageReference "CloudUserDefaults" */ = {
			isa = XCRemoteSwiftPackageReference;
			repositoryURL = "https://github.com/nbasham/CloudUserDefaults";
			requirement = {
				kind = upToNextMajorVersion;
				minimumVersion = 1.0.0;
			};
		};
		16C5AE0C27922D1200C837F4 /* XCRemoteSwiftPackageReference "SwiftCSV" */ = {
			isa = XCRemoteSwiftPackageReference;
			repositoryURL = "https://github.com/swiftcsv/SwiftCSV";
			requirement = {
				kind = upToNextMajorVersion;
				minimumVersion = 0.6.1;
			};
		};
		16C5AE0F27922D5500C837F4 /* XCRemoteSwiftPackageReference "Zephyr" */ = {
			isa = XCRemoteSwiftPackageReference;
			repositoryURL = "https://github.com/ArtSabintsev/Zephyr";
			requirement = {
				kind = upToNextMajorVersion;
				minimumVersion = 3.0.0;
			};
		};
/* End XCRemoteSwiftPackageReference section */

/* Begin XCSwiftPackageProductDependency section */
		169A919527924B2500AC9088 /* CloudUserDefaults */ = {
			isa = XCSwiftPackageProductDependency;
			package = 169A919427924B2500AC9088 /* XCRemoteSwiftPackageReference "CloudUserDefaults" */;
			productName = CloudUserDefaults;
		};
		16C5AE0D27922D1200C837F4 /* SwiftCSV */ = {
			isa = XCSwiftPackageProductDependency;
			package = 16C5AE0C27922D1200C837F4 /* XCRemoteSwiftPackageReference "SwiftCSV" */;
			productName = SwiftCSV;
		};
		16C5AE1027922D5500C837F4 /* Zephyr */ = {
			isa = XCSwiftPackageProductDependency;
			package = 16C5AE0F27922D5500C837F4 /* XCRemoteSwiftPackageReference "Zephyr" */;
			productName = Zephyr;
		};
/* End XCSwiftPackageProductDependency section */
	};
	rootObject = 16022DFC2652F8710098BD95 /* Project object */;
}
